Microsoft Visual Studio Solution File, Format Version 12.00
# Visual Studio 15
VisualStudioVersion = 15.0.28307.779
MinimumVisualStudioVersion = 10.0.40219.1
Project("{FAE04EC0-301F-11D3-BF4B-00C04F79EFBC}") = "PN_XAML.Android", "PN_XAML.Android\PN_XAML.Android.csproj", "{354986D4-E120-428E-AC34-987FB0687F06}"
EndProject
Project("{FAE04EC0-301F-11D3-BF4B-00C04F79EFBC}") = "PN_XAML.iOS", "PN_XAML.iOS\PN_XAML.iOS.csproj", "{0BE7EF02-0DA0-4B33-B909-8319DA14CDDA}"
EndProject
Project("{D954291E-2A0B-460D-934E-DC6B0785DB48}") = "PN_XAML", "PN_XAML\PN_XAML.shproj", "{6DC23155-5EE6-4329-BA21-89F441857D9E}"
EndProject
Global
	GlobalSection(SharedMSBuildProjectFiles) = preSolution
		PN_XAML\PN_XAML.projitems*{0be7ef02-0da0-4b33-b909-8319da14cdda}*SharedItemsImports = 4
		PN_XAML\PN_XAML.projitems*{354986d4-e120-428e-ac34-987fb0687f06}*SharedItemsImports = 4
		PN_XAML\PN_XAML.projitems*{6dc23155-5ee6-4329-ba21-89f441857d9e}*SharedItemsImports = 13
	EndGlobalSection
	GlobalSection(SolutionConfigurationPlatforms) = preSolution
		Debug|Any CPU = Debug|Any CPU
		Debug|iPhone = Debug|iPhone
		Debug|iPhoneSimulator = Debug|iPhoneSimulator
		Release|Any CPU = Release|Any CPU
		Release|iPhone = Release|iPhone
		Release|iPhoneSimulator = Release|iPhoneSimulator
	EndGlobalSection
	GlobalSection(ProjectConfigurationPlatforms) = postSolution
		{354986D4-E120-428E-AC34-987FB0687F06}.Debug|Any CPU.ActiveCfg = Debug|Any CPU
		{354986D4-E120-428E-AC34-987FB0687F06}.Debug|Any CPU.Build.0 = Debug|Any CPU
		{354986D4-E120-428E-AC34-987FB0687F06}.Debug|Any CPU.Deploy.0 = Debug|Any CPU
		{354986D4-E120-428E-AC34-987FB0687F06}.Debug|iPhone.ActiveCfg = Debug|Any CPU
		{354986D4-E120-428E-AC34-987FB0687F06}.Debug|iPhone.Build.0 = Debug|Any CPU
		{354986D4-E120-428E-AC34-987FB0687F06}.Debug|iPhoneSimulator.ActiveCfg = Debug|Any CPU
		{354986D4-E120-428E-AC34-987FB0687F06}.Debug|iPhoneSimulator.Build.0 = Debug|Any CPU
		{354986D4-E120-428E-AC34-987FB0687F06}.Debug|iPhoneSimulator.Deploy.0 = Debug|Any CPU
		{354986D4-E120-428E-AC34-987FB0687F06}.Release|Any CPU.ActiveCfg = Release|Any CPU
		{354986D4-E120-428E-AC34-987FB0687F06}.Release|Any CPU.Build.0 = Release|Any CPU
		{354986D4-E120-428E-AC34-987FB0687F06}.Release|iPhone.ActiveCfg = Release|Any CPU
		{354986D4-E120-428E-AC34-987FB0687F06}.Release|iPhone.Build.0 = Release|Any CPU
		{354986D4-E120-428E-AC34-987FB0687F06}.Release|iPhoneSimulator.ActiveCfg = Release|Any CPU
		{354986D4-E120-428E-AC34-987FB0687F06}.Release|iPhoneSimulator.Build.0 = Release|Any CPU
		{0BE7EF02-0DA0-4B33-B909-8319DA14CDDA}.Debug|Any CPU.ActiveCfg = Debug|iPhoneSimulator
		{0BE7EF02-0DA0-4B33-B909-8319DA14CDDA}.Debug|Any CPU.Build.0 = Debug|iPhoneSimulator
		{0BE7EF02-0DA0-4B33-B909-8319DA14CDDA}.Debug|iPhone.ActiveCfg = Debug|iPhone
		{0BE7EF02-0DA0-4B33-B909-8319DA14CDDA}.Debug|iPhone.Build.0 = Debug|iPhone
		{0BE7EF02-0DA0-4B33-B909-8319DA14CDDA}.Debug|iPhoneSimulator.ActiveCfg = Debug|iPhoneSimulator
		{0BE7EF02-0DA0-4B33-B909-8319DA14CDDA}.Debug|iPhoneSimulator.Build.0 = Debug|iPhoneSimulator
		{0BE7EF02-0DA0-4B33-B909-8319DA14CDDA}.Release|Any CPU.ActiveCfg = Release|iPhoneSimulator
		{0BE7EF02-0DA0-4B33-B909-8319DA14CDDA}.Release|Any CPU.Build.0 = Release|iPhoneSimulator
		{0BE7EF02-0DA0-4B33-B909-8319DA14CDDA}.Release|iPhone.ActiveCfg = Release|iPhone
		{0BE7EF02-0DA0-4B33-B909-8319DA14CDDA}.Release|iPhone.Build.0 = Release|iPhone
		{0BE7EF02-0DA0-4B33-B909-8319DA14CDDA}.Release|iPhoneSimulator.ActiveCfg = Release|iPhoneSimulator
		{0BE7EF02-0DA0-4B33-B909-8319DA14CDDA}.Release|iPhoneSimulator.Build.0 = Release|iPhoneSimulator
	EndGlobalSection
	GlobalSection(SolutionProperties) = preSolution
		HideSolutionNode = FALSE
	EndGlobalSection
	GlobalSection(ExtensibilityGlobals) = postSolution
		SolutionGuid = {43A199EC-6C34-435C-82C8-3A5F49F63C41}
	EndGlobalSection
EndGlobal
