
Microsoft Visual Studio Solution File, Format Version 12.00
# Visual Studio 15
Project("{FAE04EC0-301F-11D3-BF4B-00C04F79EFBC}") = "ConfigFile", "ConfigFile\ConfigFile.csproj", "{48F13B9E-252D-4083-9DFD-A6C3343F165E}"
EndProject
Global
	GlobalSection(SolutionConfigurationPlatforms) = preSolution
		Debug|anycpu = Debug|anycpu
		Release|anycpu = Release|anycpu
	EndGlobalSection
	GlobalSection(ProjectConfigurationPlatforms) = postSolution
		{48F13B9E-252D-4083-9DFD-A6C3343F165E}.Debug|anycpu.ActiveCfg = Debug|anycpu
		{48F13B9E-252D-4083-9DFD-A6C3343F165E}.Debug|anycpu.Build.0 = Debug|anycpu
		{48F13B9E-252D-4083-9DFD-A6C3343F165E}.Release|anycpu.ActiveCfg = Release|anycpu
		{48F13B9E-252D-4083-9DFD-A6C3343F165E}.Release|anycpu.Build.0 = Release|anycpu
	EndGlobalSection
EndGlobal
